// !$*UTF8*$!
{
	archiveVersion = 1;
	classes = {
	};
	objectVersion = 50;
	objects = {

/* Begin PBXBuildFile section */
		542CEB3B213F8E4B000F911B /* AppDelegate.swift in Sources */ = {isa = PBXBuildFile; fileRef = 542CEB3A213F8E4B000F911B /* AppDelegate.swift */; };
		542CEB3D213F8E4B000F911B /* ViewController.swift in Sources */ = {isa = PBXBuildFile; fileRef = 542CEB3C213F8E4B000F911B /* ViewController.swift */; };
		542CEB40213F8E4B000F911B /* Main.storyboard in Resources */ = {isa = PBXBuildFile; fileRef = 542CEB3E213F8E4B000F911B /* Main.storyboard */; };
		542CEB42213F8E4C000F911B /* Assets.xcassets in Resources */ = {isa = PBXBuildFile; fileRef = 542CEB41213F8E4C000F911B /* Assets.xcassets */; };
		542CEB45213F8E4C000F911B /* LaunchScreen.storyboard in Resources */ = {isa = PBXBuildFile; fileRef = 542CEB43213F8E4C000F911B /* LaunchScreen.storyboard */; };
		542CEB50213F8E4C000F911B /* ShawnReadmeTests.swift in Sources */ = {isa = PBXBuildFile; fileRef = 542CEB4F213F8E4C000F911B /* ShawnReadmeTests.swift */; };
		542CEB5B213F8E4C000F911B /* ShawnReadmeUITests.swift in Sources */ = {isa = PBXBuildFile; fileRef = 542CEB5A213F8E4C000F911B /* ShawnReadmeUITests.swift */; };
/* End PBXBuildFile section */

/* Begin PBXContainerItemProxy section */
		542CEB4C213F8E4C000F911B /* PBXContainerItemProxy */ = {
			isa = PBXContainerItemProxy;
			containerPortal = 542CEB2F213F8E4B000F911B /* Project object */;
			proxyType = 1;
			remoteGlobalIDString = 542CEB36213F8E4B000F911B;
			remoteInfo = ShawnReadme;
		};
		542CEB57213F8E4C000F911B /* PBXContainerItemProxy */ = {
			isa = PBXContainerItemProxy;
			containerPortal = 542CEB2F213F8E4B000F911B /* Project object */;
			proxyType = 1;
			remoteGlobalIDString = 542CEB36213F8E4B000F911B;
			remoteInfo = ShawnReadme;
		};
/* End PBXContainerItemProxy section */

/* Begin PBXFileReference section */
		542CEB37213F8E4B000F911B /* ShawnReadme.app */ = {isa = PBXFileReference; explicitFileType = wrapper.application; includeInIndex = 0; path = ShawnReadme.app; sourceTree = BUILT_PRODUCTS_DIR; };
		542CEB3A213F8E4B000F911B /* AppDelegate.swift */ = {isa = PBXFileReference; lastKnownFileType = sourcecode.swift; path = AppDelegate.swift; sourceTree = "<group>"; };
		542CEB3C213F8E4B000F911B /* ViewController.swift */ = {isa = PBXFileReference; lastKnownFileType = sourcecode.swift; path = ViewController.swift; sourceTree = "<group>"; };
		542CEB3F213F8E4B000F911B /* Base */ = {isa = PBXFileReference; lastKnownFileType = file.storyboard; name = Base; path = Base.lproj/Main.storyboard; sourceTree = "<group>"; };
		542CEB41213F8E4C000F911B /* Assets.xcassets */ = {isa = PBXFileReference; lastKnownFileType = folder.assetcatalog; path = Assets.xcassets; sourceTree = "<group>"; };
		542CEB44213F8E4C000F911B /* Base */ = {isa = PBXFileReference; lastKnownFileType = file.storyboard; name = Base; path = Base.lproj/LaunchScreen.storyboard; sourceTree = "<group>"; };
		542CEB46213F8E4C000F911B /* Info.plist */ = {isa = PBXFileReference; lastKnownFileType = text.plist.xml; path = Info.plist; sourceTree = "<group>"; };
		542CEB4B213F8E4C000F911B /* ShawnReadmeTests.xctest */ = {isa = PBXFileReference; explicitFileType = wrapper.cfbundle; includeInIndex = 0; path = ShawnReadmeTests.xctest; sourceTree = BUILT_PRODUCTS_DIR; };
		542CEB4F213F8E4C000F911B /* ShawnReadmeTests.swift */ = {isa = PBXFileReference; lastKnownFileType = sourcecode.swift; path = ShawnReadmeTests.swift; sourceTree = "<group>"; };
		542CEB51213F8E4C000F911B /* Info.plist */ = {isa = PBXFileReference; lastKnownFileType = text.plist.xml; path = Info.plist; sourceTree = "<group>"; };
		542CEB56213F8E4C000F911B /* ShawnReadmeUITests.xctest */ = {isa = PBXFileReference; explicitFileType = wrapper.cfbundle; includeInIndex = 0; path = ShawnReadmeUITests.xctest; sourceTree = BUILT_PRODUCTS_DIR; };
		542CEB5A213F8E4C000F911B /* ShawnReadmeUITests.swift */ = {isa = PBXFileReference; lastKnownFileType = sourcecode.swift; path = ShawnReadmeUITests.swift; sourceTree = "<group>"; };
		542CEB5C213F8E4C000F911B /* Info.plist */ = {isa = PBXFileReference; lastKnownFileType = text.plist.xml; path = Info.plist; sourceTree = "<group>"; };
/* End PBXFileReference section */

/* Begin PBXFrameworksBuildPhase section */
		542CEB34213F8E4B000F911B /* Frameworks */ = {
			isa = PBXFrameworksBuildPhase;
			buildActionMask = 2147483647;
			files = (
			);
			runOnlyForDeploymentPostprocessing = 0;
		};
		542CEB48213F8E4C000F911B /* Frameworks */ = {
			isa = PBXFrameworksBuildPhase;
			buildActionMask = 2147483647;
			files = (
			);
			runOnlyForDeploymentPostprocessing = 0;
		};
		542CEB53213F8E4C000F911B /* Frameworks */ = {
			isa = PBXFrameworksBuildPhase;
			buildActionMask = 2147483647;
			files = (
			);
			runOnlyForDeploymentPostprocessing = 0;
		};
/* End PBXFrameworksBuildPhase section */

/* Begin PBXGroup section */
		542CEB2E213F8E4B000F911B = {
			isa = PBXGroup;
			children = (
				542CEB39213F8E4B000F911B /* ShawnReadme */,
				542CEB4E213F8E4C000F911B /* ShawnReadmeTests */,
				542CEB59213F8E4C000F911B /* ShawnReadmeUITests */,
				542CEB38213F8E4B000F911B /* Products */,
			);
			sourceTree = "<group>";
		};
		542CEB38213F8E4B000F911B /* Products */ = {
			isa = PBXGroup;
			children = (
				542CEB37213F8E4B000F911B /* ShawnReadme.app */,
				542CEB4B213F8E4C000F911B /* ShawnReadmeTests.xctest */,
				542CEB56213F8E4C000F911B /* ShawnReadmeUITests.xctest */,
			);
			name = Products;
			sourceTree = "<group>";
		};
		542CEB39213F8E4B000F911B /* ShawnReadme */ = {
			isa = PBXGroup;
			children = (
				542CEB3A213F8E4B000F911B /* AppDelegate.swift */,
				542CEB3C213F8E4B000F911B /* ViewController.swift */,
				542CEB3E213F8E4B000F911B /* Main.storyboard */,
				542CEB41213F8E4C000F911B /* Assets.xcassets */,
				542CEB43213F8E4C000F911B /* LaunchScreen.storyboard */,
				542CEB46213F8E4C000F911B /* Info.plist */,
			);
			path = ShawnReadme;
			sourceTree = "<group>";
		};
		542CEB4E213F8E4C000F911B /* ShawnReadmeTests */ = {
			isa = PBXGroup;
			children = (
				542CEB4F213F8E4C000F911B /* ShawnReadmeTests.swift */,
				542CEB51213F8E4C000F911B /* Info.plist */,
			);
			path = ShawnReadmeTests;
			sourceTree = "<group>";
		};
		542CEB59213F8E4C000F911B /* ShawnReadmeUITests */ = {
			isa = PBXGroup;
			children = (
				542CEB5A213F8E4C000F911B /* ShawnReadmeUITests.swift */,
				542CEB5C213F8E4C000F911B /* Info.plist */,
			);
			path = ShawnReadmeUITests;
			sourceTree = "<group>";
		};
/* End PBXGroup section */

/* Begin PBXNativeTarget section */
		542CEB36213F8E4B000F911B /* ShawnReadme */ = {
			isa = PBXNativeTarget;
			buildConfigurationList = 542CEB5F213F8E4C000F911B /* Build configuration list for PBXNativeTarget "ShawnReadme" */;
			buildPhases = (
				542CEB33213F8E4B000F911B /* Sources */,
				542CEB34213F8E4B000F911B /* Frameworks */,
				542CEB35213F8E4B000F911B /* Resources */,
			);
			buildRules = (
			);
			dependencies = (
			);
			name = ShawnReadme;
			productName = ShawnReadme;
			productReference = 542CEB37213F8E4B000F911B /* ShawnReadme.app */;
			productType = "com.apple.product-type.application";
		};
		542CEB4A213F8E4C000F911B /* ShawnReadmeTests */ = {
			isa = PBXNativeTarget;
			buildConfigurationList = 542CEB62213F8E4C000F911B /* Build configuration list for PBXNativeTarget "ShawnReadmeTests" */;
			buildPhases = (
				542CEB47213F8E4C000F911B /* Sources */,
				542CEB48213F8E4C000F911B /* Frameworks */,
				542CEB49213F8E4C000F911B /* Resources */,
			);
			buildRules = (
			);
			dependencies = (
				542CEB4D213F8E4C000F911B /* PBXTargetDependency */,
			);
			name = ShawnReadmeTests;
			productName = ShawnReadmeTests;
			productReference = 542CEB4B213F8E4C000F911B /* ShawnReadmeTests.xctest */;
			productType = "com.apple.product-type.bundle.unit-test";
		};
		542CEB55213F8E4C000F911B /* ShawnReadmeUITests */ = {
			isa = PBXNativeTarget;
			buildConfigurationList = 542CEB65213F8E4C000F911B /* Build configuration list for PBXNativeTarget "ShawnReadmeUITests" */;
			buildPhases = (
				542CEB52213F8E4C000F911B /* Sources */,
				542CEB53213F8E4C000F911B /* Frameworks */,
				542CEB54213F8E4C000F911B /* Resources */,
			);
			buildRules = (
			);
			dependencies = (
				542CEB58213F8E4C000F911B /* PBXTargetDependency */,
			);
			name = ShawnReadmeUITests;
			productName = ShawnReadmeUITests;
			productReference = 542CEB56213F8E4C000F911B /* ShawnReadmeUITests.xctest */;
			productType = "com.apple.product-type.bundle.ui-testing";
		};
/* End PBXNativeTarget section */

/* Begin PBXProject section */
		542CEB2F213F8E4B000F911B /* Project object */ = {
			isa = PBXProject;
			attributes = {
				LastSwiftUpdateCheck = 0940;
				LastUpgradeCheck = 0940;
				ORGANIZATIONNAME = "王会通";
				TargetAttributes = {
					542CEB36213F8E4B000F911B = {
						CreatedOnToolsVersion = 9.4.1;
					};
					542CEB4A213F8E4C000F911B = {
						CreatedOnToolsVersion = 9.4.1;
						TestTargetID = 542CEB36213F8E4B000F911B;
					};
					542CEB55213F8E4C000F911B = {
						CreatedOnToolsVersion = 9.4.1;
						TestTargetID = 542CEB36213F8E4B000F911B;
					};
				};
			};
			buildConfigurationList = 542CEB32213F8E4B000F911B /* Build configuration list for PBXProject "ShawnReadme" */;
			compatibilityVersion = "Xcode 9.3";
			developmentRegion = en;
			hasScannedForEncodings = 0;
			knownRegions = (
				en,
				Base,
			);
			mainGroup = 542CEB2E213F8E4B000F911B;
			productRefGroup = 542CEB38213F8E4B000F911B /* Products */;
			projectDirPath = "";
			projectRoot = "";
			targets = (
				542CEB36213F8E4B000F911B /* ShawnReadme */,
				542CEB4A213F8E4C000F911B /* ShawnReadmeTests */,
				542CEB55213F8E4C000F911B /* ShawnReadmeUITests */,
			);
		};
/* End PBXProject section */

/* Begin PBXResourcesBuildPhase section */
		542CEB35213F8E4B000F911B /* Resources */ = {
			isa = PBXResourcesBuildPhase;
			buildActionMask = 2147483647;
			files = (
				542CEB45213F8E4C000F911B /* LaunchScreen.storyboard in Resources */,
				542CEB42213F8E4C000F911B /* Assets.xcassets in Resources */,
				542CEB40213F8E4B000F911B /* Main.storyboard in Resources */,
			);
			runOnlyForDeploymentPostprocessing = 0;
		};
		542CEB49213F8E4C000F911B /* Resources */ = {
			isa = PBXResourcesBuildPhase;
			buildActionMask = 2147483647;
			files = (
			);
			runOnlyForDeploymentPostprocessing = 0;
		};
		542CEB54213F8E4C000F911B /* Resources */ = {
			isa = PBXResourcesBuildPhase;
			buildActionMask = 2147483647;
			files = (
			);
			runOnlyForDeploymentPostprocessing = 0;
		};
/* End PBXResourcesBuildPhase section */

/* Begin PBXSourcesBuildPhase section */
		542CEB33213F8E4B000F911B /* Sources */ = {
			isa = PBXSourcesBuildPhase;
			buildActionMask = 2147483647;
			files = (
				542CEB3D213F8E4B000F911B /* ViewController.swift in Sources */,
				542CEB3B213F8E4B000F911B /* AppDelegate.swift in Sources */,
			);
			runOnlyForDeploymentPostprocessing = 0;
		};
		542CEB47213F8E4C000F911B /* Sources */ = {
			isa = PBXSourcesBuildPhase;
			buildActionMask = 2147483647;
			files = (
				542CEB50213F8E4C000F911B /* ShawnReadmeTests.swift in Sources */,
			);
			runOnlyForDeploymentPostprocessing = 0;
		};
		542CEB52213F8E4C000F911B /* Sources */ = {
			isa = PBXSourcesBuildPhase;
			buildActionMask = 2147483647;
			files = (
				542CEB5B213F8E4C000F911B /* ShawnReadmeUITests.swift in Sources */,
			);
			runOnlyForDeploymentPostprocessing = 0;
		};
/* End PBXSourcesBuildPhase section */

/* Begin PBXTargetDependency section */
		542CEB4D213F8E4C000F911B /* PBXTargetDependency */ = {
			isa = PBXTargetDependency;
			target = 542CEB36213F8E4B000F911B /* ShawnReadme */;
			targetProxy = 542CEB4C213F8E4C000F911B /* PBXContainerItemProxy */;
		};
		542CEB58213F8E4C000F911B /* PBXTargetDependency */ = {
			isa = PBXTargetDependency;
			target = 542CEB36213F8E4B000F911B /* ShawnReadme */;
			targetProxy = 542CEB57213F8E4C000F911B /* PBXContainerItemProxy */;
		};
/* End PBXTargetDependency section */

/* Begin PBXVariantGroup section */
		542CEB3E213F8E4B000F911B /* Main.storyboard */ = {
			isa = PBXVariantGroup;
			children = (
				542CEB3F213F8E4B000F911B /* Base */,
			);
			name = Main.storyboard;
			sourceTree = "<group>";
		};
		542CEB43213F8E4C000F911B /* LaunchScreen.storyboard */ = {
			isa = PBXVariantGroup;
			children = (
				542CEB44213F8E4C000F911B /* Base */,
			);
			name = LaunchScreen.storyboard;
			sourceTree = "<group>";
		};
/* End PBXVariantGroup section */

/* Begin XCBuildConfiguration section */
		542CEB5D213F8E4C000F911B /* Debug */ = {
			isa = XCBuildConfiguration;
			buildSettings = {
				ALWAYS_SEARCH_USER_PATHS = NO;
				CLANG_ANALYZER_NONNULL = YES;
				CLANG_ANALYZER_NUMBER_OBJECT_CONVERSION = YES_AGGRESSIVE;
				CLANG_CXX_LANGUAGE_STANDARD = "gnu++14";
				CLANG_CXX_LIBRARY = "libc++";
				CLANG_ENABLE_MODULES = YES;
				CLANG_ENABLE_OBJC_ARC = YES;
				CLANG_ENABLE_OBJC_WEAK = YES;
				CLANG_WARN_BLOCK_CAPTURE_AUTORELEASING = YES;
				CLANG_WARN_BOOL_CONVERSION = YES;
				CLANG_WARN_COMMA = YES;
				CLANG_WARN_CONSTANT_CONVERSION = YES;
				CLANG_WARN_DEPRECATED_OBJC_IMPLEMENTATIONS = YES;
				CLANG_WARN_DIRECT_OBJC_ISA_USAGE = YES_ERROR;
				CLANG_WARN_DOCUMENTATION_COMMENTS = YES;
				CLANG_WARN_EMPTY_BODY = YES;
				CLANG_WARN_ENUM_CONVERSION = YES;
				CLANG_WARN_INFINITE_RECURSION = YES;
				CLANG_WARN_INT_CONVERSION = YES;
				CLANG_WARN_NON_LITERAL_NULL_CONVERSION = YES;
				CLANG_WARN_OBJC_IMPLICIT_RETAIN_SELF = YES;
				CLANG_WARN_OBJC_LITERAL_CONVERSION = YES;
				CLANG_WARN_OBJC_ROOT_CLASS = YES_ERROR;
				CLANG_WARN_RANGE_LOOP_ANALYSIS = YES;
				CLANG_WARN_STRICT_PROTOTYPES = YES;
				CLANG_WARN_SUSPICIOUS_MOVE = YES;
				CLANG_WARN_UNGUARDED_AVAILABILITY = YES_AGGRESSIVE;
				CLANG_WARN_UNREACHABLE_CODE = YES;
				CLANG_WARN__DUPLICATE_METHOD_MATCH = YES;
				CODE_SIGN_IDENTITY = "iPhone Developer";
				COPY_PHASE_STRIP = NO;
				DEBUG_INFORMATION_FORMAT = dwarf;
				ENABLE_STRICT_OBJC_MSGSEND = YES;
				ENABLE_TESTABILITY = YES;
				GCC_C_LANGUAGE_STANDARD = gnu11;
				GCC_DYNAMIC_NO_PIC = NO;
				GCC_NO_COMMON_BLOCKS = YES;
				GCC_OPTIMIZATION_LEVEL = 0;
				GCC_PREPROCESSOR_DEFINITIONS = (
					"DEBUG=1",
					"$(inherited)",
				);
				GCC_WARN_64_TO_32_BIT_CONVERSION = YES;
				GCC_WARN_ABOUT_RETURN_TYPE = YES_ERROR;
				GCC_WARN_UNDECLARED_SELECTOR = YES;
				GCC_WARN_UNINITIALIZED_AUTOS = YES_AGGRESSIVE;
				GCC_WARN_UNUSED_FUNCTION = YES;
				GCC_WARN_UNUSED_VARIABLE = YES;
				IPHONEOS_DEPLOYMENT_TARGET = 11.4;
				MTL_ENABLE_DEBUG_INFO = YES;
				ONLY_ACTIVE_ARCH = YES;
				SDKROOT = iphoneos;
				SWIFT_ACTIVE_COMPILATION_CONDITIONS = DEBUG;
				SWIFT_OPTIMIZATION_LEVEL = "-Onone";
			};
			name = Debug;
		};
		542CEB5E213F8E4C000F911B /* Release */ = {
			isa = XCBuildConfiguration;
			buildSettings = {
				ALWAYS_SEARCH_USER_PATHS = NO;
				CLANG_ANALYZER_NONNULL = YES;
				CLANG_ANALYZER_NUMBER_OBJECT_CONVERSION = YES_AGGRESSIVE;
				CLANG_CXX_LANGUAGE_STANDARD = "gnu++14";
				CLANG_CXX_LIBRARY = "libc++";
				CLANG_ENABLE_MODULES = YES;
				CLANG_ENABLE_OBJC_ARC = YES;
				CLANG_ENABLE_OBJC_WEAK = YES;
				CLANG_WARN_BLOCK_CAPTURE_AUTORELEASING = YES;
				CLANG_WARN_BOOL_CONVERSION = YES;
				CLANG_WARN_COMMA = YES;
				CLANG_WARN_CONSTANT_CONVERSION = YES;
				CLANG_WARN_DEPRECATED_OBJC_IMPLEMENTATIONS = YES;
				CLANG_WARN_DIRECT_OBJC_ISA_USAGE = YES_ERROR;
				CLANG_WARN_DOCUMENTATION_COMMENTS = YES;
				CLANG_WARN_EMPTY_BODY = YES;
				CLANG_WARN_ENUM_CONVERSION = YES;
				CLANG_WARN_INFINITE_RECURSION = YES;
				CLANG_WARN_INT_CONVERSION = YES;
				CLANG_WARN_NON_LITERAL_NULL_CONVERSION = YES;
				CLANG_WARN_OBJC_IMPLICIT_RETAIN_SELF = YES;
				CLANG_WARN_OBJC_LITERAL_CONVERSION = YES;
				CLANG_WARN_OBJC_ROOT_CLASS = YES_ERROR;
				CLANG_WARN_RANGE_LOOP_ANALYSIS = YES;
				CLANG_WARN_STRICT_PROTOTYPES = YES;
				CLANG_WARN_SUSPICIOUS_MOVE = YES;
				CLANG_WARN_UNGUARDED_AVAILABILITY = YES_AGGRESSIVE;
				CLANG_WARN_UNREACHABLE_CODE = YES;
				CLANG_WARN__DUPLICATE_METHOD_MATCH = YES;
				CODE_SIGN_IDENTITY = "iPhone Developer";
				COPY_PHASE_STRIP = NO;
				DEBUG_INFORMATION_FORMAT = "dwarf-with-dsym";
				ENABLE_NS_ASSERTIONS = NO;
				ENABLE_STRICT_OBJC_MSGSEND = YES;
				GCC_C_LANGUAGE_STANDARD = gnu11;
				GCC_NO_COMMON_BLOCKS = YES;
				GCC_WARN_64_TO_32_BIT_CONVERSION = YES;
				GCC_WARN_ABOUT_RETURN_TYPE = YES_ERROR;
				GCC_WARN_UNDECLARED_SELECTOR = YES;
				GCC_WARN_UNINITIALIZED_AUTOS = YES_AGGRESSIVE;
				GCC_WARN_UNUSED_FUNCTION = YES;
				GCC_WARN_UNUSED_VARIABLE = YES;
				IPHONEOS_DEPLOYMENT_TARGET = 11.4;
				MTL_ENABLE_DEBUG_INFO = NO;
				SDKROOT = iphoneos;
				SWIFT_COMPILATION_MODE = wholemodule;
				SWIFT_OPTIMIZATION_LEVEL = "-O";
				VALIDATE_PRODUCT = YES;
			};
			name = Release;
		};
		542CEB60213F8E4C000F911B /* Debug */ = {
			isa = XCBuildConfiguration;
			buildSettings = {
				ASSETCATALOG_COMPILER_APPICON_NAME = AppIcon;
				CODE_SIGN_STYLE = Automatic;
				DEVELOPMENT_TEAM = WB5E6N49ME;
				INFOPLIST_FILE = ShawnReadme/Info.plist;
				LD_RUNPATH_SEARCH_PATHS = (
					"$(inherited)",
					"@executable_path/Frameworks",
				);
				PRODUCT_BUNDLE_IDENTIFIER = Shawn.ShawnReadme;
				PRODUCT_NAME = "$(TARGET_NAME)";
				SWIFT_VERSION = 4.0;
				TARGETED_DEVICE_FAMILY = "1,2";
			};
			name = Debug;
		};
		542CEB61213F8E4C000F911B /* Release */ = {
			isa = XCBuildConfiguration;
			buildSettings = {
				ASSETCATALOG_COMPILER_APPICON_NAME = AppIcon;
				CODE_SIGN_STYLE = Automatic;
				DEVELOPMENT_TEAM = WB5E6N49ME;
				INFOPLIST_FILE = ShawnReadme/Info.plist;
				LD_RUNPATH_SEARCH_PATHS = (
					"$(inherited)",
					"@executable_path/Frameworks",
				);
				PRODUCT_BUNDLE_IDENTIFIER = Shawn.ShawnReadme;
				PRODUCT_NAME = "$(TARGET_NAME)";
				SWIFT_VERSION = 4.0;
				TARGETED_DEVICE_FAMILY = "1,2";
			};
			name = Release;
		};
		542CEB63213F8E4C000F911B /* Debug */ = {
			isa = XCBuildConfiguration;
			buildSettings = {
				ALWAYS_EMBED_SWIFT_STANDARD_LIBRARIES = YES;
				BUNDLE_LOADER = "$(TEST_HOST)";
				CODE_SIGN_STYLE = Automatic;
				DEVELOPMENT_TEAM = WB5E6N49ME;
				INFOPLIST_FILE = ShawnReadmeTests/Info.plist;
				LD_RUNPATH_SEARCH_PATHS = (
					"$(inherited)",
					"@executable_path/Frameworks",
					"@loader_path/Frameworks",
				);
				PRODUCT_BUNDLE_IDENTIFIER = Shawn.ShawnReadmeTests;
				PRODUCT_NAME = "$(TARGET_NAME)";
				SWIFT_VERSION = 4.0;
				TARGETED_DEVICE_FAMILY = "1,2";
				TEST_HOST = "$(BUILT_PRODUCTS_DIR)/ShawnReadme.app/ShawnReadme";
			};
			name = Debug;
		};
		542CEB64213F8E4C000F911B /* Release */ = {
			isa = XCBuildConfiguration;
			buildSettings = {
				ALWAYS_EMBED_SWIFT_STANDARD_LIBRARIES = YES;
				BUNDLE_LOADER = "$(TEST_HOST)";
				CODE_SIGN_STYLE = Automatic;
				DEVELOPMENT_TEAM = WB5E6N49ME;
				INFOPLIST_FILE = ShawnReadmeTests/Info.plist;
				LD_RUNPATH_SEARCH_PATHS = (
					"$(inherited)",
					"@executable_path/Frameworks",
					"@loader_path/Frameworks",
				);
				PRODUCT_BUNDLE_IDENTIFIER = Shawn.ShawnReadmeTests;
				PRODUCT_NAME = "$(TARGET_NAME)";
				SWIFT_VERSION = 4.0;
				TARGETED_DEVICE_FAMILY = "1,2";
				TEST_HOST = "$(BUILT_PRODUCTS_DIR)/ShawnReadme.app/ShawnReadme";
			};
			name = Release;
		};
		542CEB66213F8E4C000F911B /* Debug */ = {
			isa = XCBuildConfiguration;
			buildSettings = {
				ALWAYS_EMBED_SWIFT_STANDARD_LIBRARIES = YES;
				CODE_SIGN_STYLE = Automatic;
				DEVELOPMENT_TEAM = WB5E6N49ME;
				INFOPLIST_FILE = ShawnReadmeUITests/Info.plist;
				LD_RUNPATH_SEARCH_PATHS = (
					"$(inherited)",
					"@executable_path/Frameworks",
					"@loader_path/Frameworks",
				);
				PRODUCT_BUNDLE_IDENTIFIER = Shawn.ShawnReadmeUITests;
				PRODUCT_NAME = "$(TARGET_NAME)";
				SWIFT_VERSION = 4.0;
				TARGETED_DEVICE_FAMILY = "1,2";
				TEST_TARGET_NAME = ShawnReadme;
			};
			name = Debug;
		};
		542CEB67213F8E4C000F911B /* Release */ = {
			isa = XCBuildConfiguration;
			buildSettings = {
				ALWAYS_EMBED_SWIFT_STANDARD_LIBRARIES = YES;
				CODE_SIGN_STYLE = Automatic;
				DEVELOPMENT_TEAM = WB5E6N49ME;
				INFOPLIST_FILE = ShawnReadmeUITests/Info.plist;
				LD_RUNPATH_SEARCH_PATHS = (
					"$(inherited)",
					"@executable_path/Frameworks",
					"@loader_path/Frameworks",
				);
				PRODUCT_BUNDLE_IDENTIFIER = Shawn.ShawnReadmeUITests;
				PRODUCT_NAME = "$(TARGET_NAME)";
				SWIFT_VERSION = 4.0;
				TARGETED_DEVICE_FAMILY = "1,2";
				TEST_TARGET_NAME = ShawnReadme;
			};
			name = Release;
		};
/* End XCBuildConfiguration section */

/* Begin XCConfigurationList section */
		542CEB32213F8E4B000F911B /* Build configuration list for PBXProject "ShawnReadme" */ = {
			isa = XCConfigurationList;
			buildConfigurations = (
				542CEB5D213F8E4C000F911B /* Debug */,
				542CEB5E213F8E4C000F911B /* Release */,
			);
			defaultConfigurationIsVisible = 0;
			defaultConfigurationName = Release;
		};
		542CEB5F213F8E4C000F911B /* Build configuration list for PBXNativeTarget "ShawnReadme" */ = {
			isa = XCConfigurationList;
			buildConfigurations = (
				542CEB60213F8E4C000F911B /* Debug */,
				542CEB61213F8E4C000F911B /* Release */,
			);
			defaultConfigurationIsVisible = 0;
			defaultConfigurationName = Release;
		};
		542CEB62213F8E4C000F911B /* Build configuration list for PBXNativeTarget "ShawnReadmeTests" */ = {
			isa = XCConfigurationList;
			buildConfigurations = (
				542CEB63213F8E4C000F911B /* Debug */,
				542CEB64213F8E4C000F911B /* Release */,
			);
			defaultConfigurationIsVisible = 0;
			defaultConfigurationName = Release;
		};
		542CEB65213F8E4C000F911B /* Build configuration list for PBXNativeTarget "ShawnReadmeUITests" */ = {
			isa = XCConfigurationList;
			buildConfigurations = (
				542CEB66213F8E4C000F911B /* Debug */,
				542CEB67213F8E4C000F911B /* Release */,
			);
			defaultConfigurationIsVisible = 0;
			defaultConfigurationName = Release;
		};
/* End XCConfigurationList section */
	};
	rootObject = 542CEB2F213F8E4B000F911B /* Project object */;
}
